{
  "name": "outside-workspace",
  "version": "1.0.0",
  "lockfileVersion": 3,
  "requires": true,
  "packages": {
    "": {
      "name": "outside-workspace",
      "version": "1.0.0",
      "license": "ISC",
      "workspaces": [
        "packages/**"
      ],
      "dependencies": {
        "turbo": "latest"
      }
    },
    "node_modules/example-0": {
      "resolved": "packages/example-0",
      "link": true
    },
    "node_modules/example-1": {
      "resolved": "packages/example-1",
      "link": true
    },
    "node_modules/example-2": {
      "resolved": "packages/example-2",
      "link": true
    },
    "node_modules/turbo": {
      "version": "1.11.4-canary.2",
      "resolved": "https://registry.npmjs.org/turbo/-/turbo-1.11.4-canary.2.tgz",
      "integrity": "sha512-8HsYglOs0L0ifogEPXUMiwywMkJxs4q/G+L4cGEGOlVbU2mIj9m8HDIdVXhwti4yCqydVV30DLz1IoJOTET7ow==",
      "bin": {
        "turbo": "bin/turbo"
      },
      "optionalDependencies": {
        "turbo-darwin-64": "1.11.4-canary.2",
        "turbo-darwin-arm64": "1.11.4-canary.2",
        "turbo-linux-64": "1.11.4-canary.2",
        "turbo-linux-arm64": "1.11.4-canary.2",
        "turbo-windows-64": "1.11.4-canary.2",
        "turbo-windows-arm64": "1.11.4-canary.2"
      }
    },
    "node_modules/turbo-darwin-64": {
      "version": "1.11.4-canary.2",
      "resolved": "https://registry.npmjs.org/turbo-darwin-64/-/turbo-darwin-64-1.11.4-canary.2.tgz",
      "integrity": "sha512-OmyWozYhBHaCqPdTAao4p1QoMtXUb44va9bl2APkJ0eaBXLjVMksMeOcWVLm+mNfd8VbQ7dh/RySuVwXjyXq5w==",
      "cpu": [
        "x64"
      ],
      "optional": true,
      "os": [
        "darwin"
      ]
    },
    "node_modules/turbo-darwin-arm64": {
      "version": "1.11.4-canary.2",
      "resolved": "https://registry.npmjs.org/turbo-darwin-arm64/-/turbo-darwin-arm64-1.11.4-canary.2.tgz",
      "integrity": "sha512-WjebUS1CWzwPudlDDFCH95jkRBTPSkFEWuu8Ni4HrYRdq4csFCPEZ+hgz2gN/0TvTdRqiRsxg3GcoxI2AkA9/Q==",
      "cpu": [
        "arm64"
      ],
      "optional": true,
      "os": [
        "darwin"
      ]
    },
    "node_modules/turbo-linux-64": {
      "version": "1.11.4-canary.2",
      "resolved": "https://registry.npmjs.org/turbo-linux-64/-/turbo-linux-64-1.11.4-canary.2.tgz",
      "integrity": "sha512-iHCzmVYbC5YrW4FRK4nyVi1wd5f8bnTtGEfNE1Zhh6OEJn/TqtgRJlMPsBKVVJMNoiWEUNH02gKy+Zz8iJRdkw==",
      "cpu": [
        "x64"
      ],
      "optional": true,
      "os": [
        "linux"
      ]
    },
    "node_modules/turbo-linux-arm64": {
      "version": "1.11.4-canary.2",
      "resolved": "https://registry.npmjs.org/turbo-linux-arm64/-/turbo-linux-arm64-1.11.4-canary.2.tgz",
      "integrity": "sha512-Stq9g3j/FQJunSxdxTo3Vq6wcXhmxwED/2gF7wcghtpexA6HOj4ddqm6gPvg+q61Dy5+Ku2sVynGZKYM0qUwxQ==",
      "cpu": [
        "arm64"
      ],
      "optional": true,
      "os": [
        "linux"
      ]
    },
    "node_modules/turbo-windows-64": {
      "version": "1.11.4-canary.2",
      "resolved": "https://registry.npmjs.org/turbo-windows-64/-/turbo-windows-64-1.11.4-canary.2.tgz",
      "integrity": "sha512-7fazDqVh5t5ytKcfOUqHcsN24NZDKdcD/NNXDZPoIROFsKpZ8IHly7uUWjmtDNaPZJyyWOH/9JKmaZ8h/GJwtA==",
      "cpu": [
        "x64"
      ],
      "optional": true,
      "os": [
        "win32"
      ]
    },
    "node_modules/turbo-windows-arm64": {
      "version": "1.11.4-canary.2",
      "resolved": "https://registry.npmjs.org/turbo-windows-arm64/-/turbo-windows-arm64-1.11.4-canary.2.tgz",
      "integrity": "sha512-CZVLFI4kHU4zHpRTzU0d7nGn1Y+8wue4J9/aaPvk7fjZTDlQXDnPdAgN8UpEs7mKdA2+fDCGjKznKR5PEvlYrw==",
      "cpu": [
        "arm64"
      ],
      "optional": true,
      "os": [
        "win32"
      ]
    },
    "packages/example-0": {
      "version": "1.0.0",
      "license": "ISC",
      "dependencies": {
        "turbo": "canary"
      }
    },
    "packages/example-1": {
      "version": "1.0.0",
      "license": "ISC",
      "dependencies": {
        "turbo": "canary"
      }
    },
    "packages/example-2": {
      "version": "1.0.0",
      "license": "ISC",
      "dependencies": {
        "turbo": "canary"
      }
    }
  }
}
