{
  "name": "outside-workspace",
  "version": "1.0.0",
  "lockfileVersion": 3,
  "requires": true,
  "packages": {
    "": {
      "name": "outside-workspace",
      "version": "1.0.0",
      "license": "ISC",
      "workspaces": [
        "packages/**"
      ],
      "dependencies": {
        "turbo": "1.9.9"
      }
    },
    "node_modules/example-0": {
      "resolved": "packages/example-0",
      "link": true
    },
    "node_modules/example-1": {
      "resolved": "packages/example-1",
      "link": true
    },
    "node_modules/example-2": {
      "resolved": "packages/example-2",
      "link": true
    },
    "node_modules/turbo": {
      "version": "1.9.9",
      "resolved": "https://registry.npmjs.org/turbo/-/turbo-1.9.9.tgz",
      "integrity": "sha512-+ZS66LOT7ahKHxh6XrIdcmf2Yk9mNpAbPEj4iF2cs0cAeaDU3xLVPZFF0HbSho89Uxwhx7b5HBgPbdcjQTwQkg==",
      "hasInstallScript": true,
      "bin": {
        "turbo": "bin/turbo"
      },
      "optionalDependencies": {
        "turbo-darwin-64": "1.9.9",
        "turbo-darwin-arm64": "1.9.9",
        "turbo-linux-64": "1.9.9",
        "turbo-linux-arm64": "1.9.9",
        "turbo-windows-64": "1.9.9",
        "turbo-windows-arm64": "1.9.9"
      }
    },
    "node_modules/turbo-darwin-64": {
      "version": "1.9.9",
      "resolved": "https://registry.npmjs.org/turbo-darwin-64/-/turbo-darwin-64-1.9.9.tgz",
      "integrity": "sha512-UDGM9E21eCDzF5t1F4rzrjwWutcup33e7ZjNJcW/mJDPorazZzqXGKEPIy9kXwKhamUUXfC7668r6ZuA1WXF2Q==",
      "cpu": [
        "x64"
      ],
      "optional": true,
      "os": [
        "darwin"
      ]
    },
    "node_modules/turbo-darwin-arm64": {
      "version": "1.9.9",
      "resolved": "https://registry.npmjs.org/turbo-darwin-arm64/-/turbo-darwin-arm64-1.9.9.tgz",
      "integrity": "sha512-VyfkXzTJpYLTAQ9krq2myyEq7RPObilpS04lgJ4OO1piq76RNmSpX9F/t9JCaY9Pj/4TL7i0d8PM7NGhwEA5Ag==",
      "cpu": [
        "arm64"
      ],
      "optional": true,
      "os": [
        "darwin"
      ]
    },
    "node_modules/turbo-linux-64": {
      "version": "1.9.9",
      "resolved": "https://registry.npmjs.org/turbo-linux-64/-/turbo-linux-64-1.9.9.tgz",
      "integrity": "sha512-Fu1MY29Odg8dHOqXcpIIGC3T63XLOGgnGfbobXMKdrC7JQDvtJv8TUCYciRsyknZYjyyKK1z6zKuYIiDjf3KeQ==",
      "cpu": [
        "x64"
      ],
      "optional": true,
      "os": [
        "linux"
      ]
    },
    "node_modules/turbo-linux-arm64": {
      "version": "1.9.9",
      "resolved": "https://registry.npmjs.org/turbo-linux-arm64/-/turbo-linux-arm64-1.9.9.tgz",
      "integrity": "sha512-50LI8NafPuJxdnMCBeDdzgyt1cgjQG7FwkyY336v4e95WJPUVjrHdrKH6jYXhOUyrv9+jCJxwX1Yrg02t5yJ1g==",
      "cpu": [
        "arm64"
      ],
      "optional": true,
      "os": [
        "linux"
      ]
    },
    "node_modules/turbo-windows-64": {
      "version": "1.9.9",
      "resolved": "https://registry.npmjs.org/turbo-windows-64/-/turbo-windows-64-1.9.9.tgz",
      "integrity": "sha512-9IsTReoLmQl1IRsy3WExe2j2RKWXQyXujfJ4fXF+jp08KxjVF4/tYP2CIRJx/A7UP/7keBta27bZqzAjsmbSTA==",
      "cpu": [
        "x64"
      ],
      "optional": true,
      "os": [
        "win32"
      ]
    },
    "node_modules/turbo-windows-arm64": {
      "version": "1.9.9",
      "resolved": "https://registry.npmjs.org/turbo-windows-arm64/-/turbo-windows-arm64-1.9.9.tgz",
      "integrity": "sha512-CUu4hpeQo68JjDr0V0ygTQRLbS+/sNfdqEVV+Xz9136vpKn2WMQLAuUBVZV0Sp0S/7i+zGnplskT0fED+W46wQ==",
      "cpu": [
        "arm64"
      ],
      "optional": true,
      "os": [
        "win32"
      ]
    },
    "packages/example-0": {
      "version": "1.0.0",
      "license": "ISC",
      "dependencies": {
        "turbo": "canary"
      }
    },
    "packages/example-1": {
      "version": "1.0.0",
      "license": "ISC",
      "dependencies": {
        "turbo": "canary"
      }
    },
    "packages/example-2": {
      "version": "1.0.0",
      "license": "ISC",
      "dependencies": {
        "turbo": "canary"
      }
    }
  }
}
